Microsoft Visual Studio Solution File, Format Version 11.00
# Visual Studio 2010
Project("{FAE04EC0-301F-11D3-BF4B-00C04F79EFBC}") = "SideBySideCircularScales", "SideBySideCircularScales\SideBySideCircularScales.csproj", "{93D26439-AA40-4B90-B6C4-8BE0EE7A473C}"
EndProject
Global
	GlobalSection(SolutionConfigurationPlatforms) = preSolution
		Debug|x86 = Debug|x86
		Release|x86 = Release|x86
	EndGlobalSection
	GlobalSection(ProjectConfigurationPlatforms) = postSolution
		{93D26439-AA40-4B90-B6C4-8BE0EE7A473C}.Debug|x86.ActiveCfg = Debug|x86
		{93D26439-AA40-4B90-B6C4-8BE0EE7A473C}.Debug|x86.Build.0 = Debug|x86
		{93D26439-AA40-4B90-B6C4-8BE0EE7A473C}.Release|x86.ActiveCfg = Release|x86
		{93D26439-AA40-4B90-B6C4-8BE0EE7A473C}.Release|x86.Build.0 = Release|x86
	EndGlobalSection
	GlobalSection(SolutionProperties) = preSolution
		HideSolutionNode = FALSE
	EndGlobalSection
EndGlobal
